// !$*UTF8*$!
{
	"classes" = {
	};
	"objectVersion" = "56";
	"archiveVersion" = "1";
	"objects" = {
		"D11B814D1AC2186D4DC492EB" = {
			"isa" = "PBXFileReference";
			"path" = "AIUsageBarTests/RefreshCoordinatorTests.swift";
			"lastKnownFileType" = "sourcecode.swift";
			"sourceTree" = "SOURCE_ROOT";
		};
		"45E9E93FF4B097BAE8EA50BA" = {
			"isa" = "PBXBuildFile";
			"fileRef" = "D11B814D1AC2186D4DC492EB";
		};
		"4A359BE25FFD8BBBB76021E9" = {
			"isa" = "PBXFileReference";
			"path" = "AIUsageBarTests/CodexProcessTransportTests.swift";
			"lastKnownFileType" = "sourcecode.swift";
			"sourceTree" = "SOURCE_ROOT";
		};
		"E070B3601AA8FB5867E28555" = {
			"isa" = "PBXBuildFile";
			"fileRef" = "4A359BE25FFD8BBBB76021E9";
		};
		"C97CDF1422F6AF9A326868CE" = {
			"isa" = "PBXFileReference";
			"path" = "AIUsageBarTests/CodexLaunchPolicyTests.swift";
			"lastKnownFileType" = "sourcecode.swift";
			"sourceTree" = "SOURCE_ROOT";
		};
		"E38C822D2386F032E0534E4F" = {
			"isa" = "PBXBuildFile";
			"fileRef" = "C97CDF1422F6AF9A326868CE";
		};
		"9A46D0B3CAD07F8F69A59310" = {
			"isa" = "PBXFileReference";
			"path" = "AIUsageBarTests/ClaudeBridgeTests.swift";
			"lastKnownFileType" = "sourcecode.swift";
			"sourceTree" = "SOURCE_ROOT";
		};
		"3C9741E6511AA7F2BC97F6C1" = {
			"isa" = "PBXBuildFile";
			"fileRef" = "9A46D0B3CAD07F8F69A59310";
		};
		"6E2B53F9C54048EBE31B8030" = {
			"isa" = "PBXFileReference";
			"path" = "AIUsageBar/ClaudeBridge/ClaudeBridgeCommand.swift";
			"lastKnownFileType" = "sourcecode.swift";
			"sourceTree" = "SOURCE_ROOT";
		};
		"81FCE5B75E49F04740694376" = {
			"isa" = "PBXBuildFile";
			"fileRef" = "6E2B53F9C54048EBE31B8030";
		};
		"3A968430DE50B6CE58E53F8D" = {
			"isa" = "PBXFileReference";
			"path" = "AIUsageBarTests/RefreshPolicyTests.swift";
			"lastKnownFileType" = "sourcecode.swift";
			"sourceTree" = "SOURCE_ROOT";
		};
		"1A28DF53BD1A4E8F58C83841" = {
			"isa" = "PBXBuildFile";
			"fileRef" = "3A968430DE50B6CE58E53F8D";
		};
		"E4C420382EF8BFDA22432EEF" = {
			"isa" = "PBXFileReference";
			"path" = "AIUsageBar/Providers/CodexQuotaProvider.swift";
			"lastKnownFileType" = "sourcecode.swift";
			"sourceTree" = "SOURCE_ROOT";
		};
		"3D07A059C02C48D0FF4034D8" = {
			"isa" = "PBXBuildFile";
			"fileRef" = "E4C420382EF8BFDA22432EEF";
		};
		"3DB8DC91BFEBAA010976571F" = {
			"isa" = "PBXFileReference";
			"path" = "AIUsageBar/Providers/CodexProcessTransport.swift";
			"lastKnownFileType" = "sourcecode.swift";
			"sourceTree" = "SOURCE_ROOT";
		};
		"199E94767FE404C3A92E77BC" = {
			"isa" = "PBXBuildFile";
			"fileRef" = "3DB8DC91BFEBAA010976571F";
		};
		"8CD7726E755207FC4D22F876" = {
			"isa" = "PBXFileReference";
			"path" = "AIUsageBar/Providers/CodexLaunchPolicy.swift";
			"lastKnownFileType" = "sourcecode.swift";
			"sourceTree" = "SOURCE_ROOT";
		};
		"DDE27E38C1F9655235F240D5" = {
			"isa" = "PBXBuildFile";
			"fileRef" = "8CD7726E755207FC4D22F876";
		};
		"39876315125908B7E4DB0B82" = {
			"isa" = "PBXFileReference";
			"path" = "AIUsageBar/Providers/CodexExecutableDiscovery.swift";
			"lastKnownFileType" = "sourcecode.swift";
			"sourceTree" = "SOURCE_ROOT";
		};
		"D95468F4D604457B5C296C0D" = {
			"isa" = "PBXBuildFile";
			"fileRef" = "39876315125908B7E4DB0B82";
		};
		"F39AE481F8B2DD69B2D31DE9" = {
			"isa" = "PBXFileReference";
			"path" = "AIUsageBar/Providers/ClaudeSnapshotProvider.swift";
			"lastKnownFileType" = "sourcecode.swift";
			"sourceTree" = "SOURCE_ROOT";
		};
		"59027B9D2F8740EFC99AC0E0" = {
			"isa" = "PBXBuildFile";
			"fileRef" = "F39AE481F8B2DD69B2D31DE9";
		};
		"6AD2418205C132B20E1B1B78" = {
			"isa" = "PBXFileReference";
			"path" = "AIUsageBar/Models/RefreshPolicy.swift";
			"lastKnownFileType" = "sourcecode.swift";
			"sourceTree" = "SOURCE_ROOT";
		};
		"71424B6DCD3B154E15D0A4D2" = {
			"isa" = "PBXBuildFile";
			"fileRef" = "6AD2418205C132B20E1B1B78";
		};
		"EB0FA14B8BC7D28E912E8A84" = {
			"isa" = "PBXFileReference";
			"path" = "AIUsageBar/ClaudeBridge/ClaudeSnapshot.swift";
			"lastKnownFileType" = "sourcecode.swift";
			"sourceTree" = "SOURCE_ROOT";
		};
		"8B6DB0D27782EA058405B9BF" = {
			"isa" = "PBXBuildFile";
			"fileRef" = "EB0FA14B8BC7D28E912E8A84";
		};
		"878614ECA4728745F8845FFB" = {
			"isa" = "PBXFileReference";
			"path" = "AIUsageBar/ClaudeBridge/ClaudeSettingsCommand.swift";
			"lastKnownFileType" = "sourcecode.swift";
			"sourceTree" = "SOURCE_ROOT";
		};
		"F92DE55738E433C4F69B946B" = {
			"isa" = "PBXBuildFile";
			"fileRef" = "878614ECA4728745F8845FFB";
		};
		"41013E650E42474BAB793C6C" = {
			"isa" = "PBXFileReference";
			"path" = "AIUsageBar/ClaudeBridge/ClaudePrivateFiles.swift";
			"lastKnownFileType" = "sourcecode.swift";
			"sourceTree" = "SOURCE_ROOT";
		};
		"226C856F76CF998F1564D2E2" = {
			"isa" = "PBXBuildFile";
			"fileRef" = "41013E650E42474BAB793C6C";
		};
		"0553E85848D07B6143FBD428" = {
			"isa" = "PBXFileReference";
			"path" = "AIUsageBar/ClaudeBridge/ClaudeOriginalCommand.swift";
			"lastKnownFileType" = "sourcecode.swift";
			"sourceTree" = "SOURCE_ROOT";
		};
		"64E94E546DD52F518BFC2606" = {
			"isa" = "PBXBuildFile";
			"fileRef" = "0553E85848D07B6143FBD428";
		};
		"AFC5ACDD64072EC5F132C109" = {
			"isa" = "PBXFileReference";
			"path" = "AIUsageBar/ClaudeBridge/ClaudeBridgeInstaller.swift";
			"lastKnownFileType" = "sourcecode.swift";
			"sourceTree" = "SOURCE_ROOT";
		};
		"80E61D311C2A6A7EF3D8101B" = {
			"isa" = "PBXBuildFile";
			"fileRef" = "AFC5ACDD64072EC5F132C109";
		};
		"809EC3E0DAC1DCA5DF709F7C" = {
			"isa" = "PBXFileReference";
			"path" = "AIUsageBar/App/RefreshCoordinator.swift";
			"lastKnownFileType" = "sourcecode.swift";
			"sourceTree" = "SOURCE_ROOT";
		};
		"3B4655B734E2305C75607B2F" = {
			"isa" = "PBXBuildFile";
			"fileRef" = "809EC3E0DAC1DCA5DF709F7C";
		};
		"15DCE595862557CADAF7A33F" = {
			"isa" = "PBXFileReference";
			"path" = "AIUsageBarTests/CodexRPCSessionTests.swift";
			"lastKnownFileType" = "sourcecode.swift";
			"sourceTree" = "SOURCE_ROOT";
		};
		"C4661ED68FF9198A6A0B81B2" = {
			"isa" = "PBXBuildFile";
			"fileRef" = "15DCE595862557CADAF7A33F";
		};
		"E6767CCAE3D0D37285833936" = {
			"isa" = "PBXFileReference";
			"path" = "AIUsageBar/Providers/CodexRPCSession.swift";
			"lastKnownFileType" = "sourcecode.swift";
			"sourceTree" = "SOURCE_ROOT";
		};
		"DD4C2BF1E00D6637DEBDD9C0" = {
			"isa" = "PBXBuildFile";
			"fileRef" = "E6767CCAE3D0D37285833936";
		};
		"AE7805B56D1DCAFAA071416F" = {
			"isa" = "PBXGroup";
			"name" = "Products";
			"children" = (
				"681C948D238C526E9E3424E0",
				"F739566ED5280322FF98A798",
			);
			"sourceTree" = "<group>";
		};
		"3DF6421EF95C13E6293A37C1" = {
			"isa" = "PBXBuildFile";
			"fileRef" = "3D1D24ADBD72C5B39B32966F";
		};
		"1B9DE29E263D949B75A80728" = {
			"isa" = "XCConfigurationList";
			"defaultConfigurationIsVisible" = "0";
			"defaultConfigurationName" = "Release";
			"buildConfigurations" = (
				"2D78CCEA355AAA4DECA10BA5",
				"F1D4FEDE61515AFDB9B202CA",
			);
		};
		"681C948D238C526E9E3424E0" = {
			"path" = "AIUsageBar.app";
			"isa" = "PBXFileReference";
			"includeInIndex" = "0";
			"explicitFileType" = "wrapper.application";
			"sourceTree" = "BUILT_PRODUCTS_DIR";
		};
		"9F6A4E941DE57E85FA5BABF0" = {
			"isa" = "PBXResourcesBuildPhase";
			"buildActionMask" = "2147483647";
			"files" = (
			);
			"runOnlyForDeploymentPostprocessing" = "0";
		};
		"E8022523849191781EF07182" = {
			"path" = "Config/App.xcconfig";
			"isa" = "PBXFileReference";
			"lastKnownFileType" = "text.xcconfig";
			"sourceTree" = "SOURCE_ROOT";
		};
		"14E586E4324BDDD5494634DC" = {
			"isa" = "XCConfigurationList";
			"defaultConfigurationIsVisible" = "0";
			"defaultConfigurationName" = "Release";
			"buildConfigurations" = (
				"184B519F8E1416CCE38CFFD7",
				"A824290273A346217D9BE6F4",
			);
		};
		"D7934D1E5431E43D00EE518B" = {
			"isa" = "PBXSourcesBuildPhase";
			"buildActionMask" = "2147483647";
			"files" = (
				"45E9E93FF4B097BAE8EA50BA",
				"E070B3601AA8FB5867E28555",
				"E38C822D2386F032E0534E4F",
				"3C9741E6511AA7F2BC97F6C1",
				"1A28DF53BD1A4E8F58C83841",
				"C4661ED68FF9198A6A0B81B2",
				"9C54BE948B82580C303477D5",
				"6AB488356D3831E34CDCF09A",
				"C8698D1F226AF36280E350B3",
				"B97B155D5C69852E7F5F3043",
				"D16951F94FDB0ADC0F0F2771",
			);
			"runOnlyForDeploymentPostprocessing" = "0";
		};
		"999FF37E9C5A0FFB78E1CDE2" = {
			"isa" = "PBXBuildFile";
			"fileRef" = "62BC190A22A31E2C97284BED";
		};
		"F2D8E56B82262D61AF1C4BC2" = {
			"path" = "AIUsageBar/UI/UsagePresentation.swift";
			"isa" = "PBXFileReference";
			"lastKnownFileType" = "sourcecode.swift";
			"sourceTree" = "SOURCE_ROOT";
		};
		"FFD5C9F269C47FE917ECE90E" = {
			"path" = "AIUsageBarTests/UsageStateTests.swift";
			"isa" = "PBXFileReference";
			"lastKnownFileType" = "sourcecode.swift";
			"sourceTree" = "SOURCE_ROOT";
		};
		"1B85B821D2F93F337F70D49F" = {
			"isa" = "PBXFrameworksBuildPhase";
			"buildActionMask" = "2147483647";
			"files" = (
			);
			"runOnlyForDeploymentPostprocessing" = "0";
		};
		"684A0131F8A39CF35C40FD74" = {
			"path" = "AIUsageBar/UI/UsageDemoView.swift";
			"isa" = "PBXFileReference";
			"lastKnownFileType" = "sourcecode.swift";
			"sourceTree" = "SOURCE_ROOT";
		};
		"D9676494E0D27855950A86BF" = {
			"isa" = "PBXBuildFile";
			"fileRef" = "7C22AFE5F87B96226060DB21";
		};
		"F26350DAFE3F19AABFD69AC4" = {
			"isa" = "PBXTargetDependency";
			"target" = "8C1A045E96B998B40533C7FF";
			"targetProxy" = "51C33826B61720FD18A0E625";
		};
		"9A6A96BCEE63CA932CA84EF4" = {
			"path" = "AIUsageBar/App/AIUsageBarApp.swift";
			"isa" = "PBXFileReference";
			"lastKnownFileType" = "sourcecode.swift";
			"sourceTree" = "SOURCE_ROOT";
		};
		"EEA7B40FF0F394BC78EAA36E" = {
			"isa" = "PBXFrameworksBuildPhase";
			"buildActionMask" = "2147483647";
			"files" = (
			);
			"runOnlyForDeploymentPostprocessing" = "0";
		};
		"563DE261A9337B6A34FCC762" = {
			"isa" = "PBXBuildFile";
			"fileRef" = "684A0131F8A39CF35C40FD74";
		};
		"D130658451F5DDBD05EEEE49" = {
			"path" = "AIUsageBar/UI/StatusItemController.swift";
			"isa" = "PBXFileReference";
			"lastKnownFileType" = "sourcecode.swift";
			"sourceTree" = "SOURCE_ROOT";
		};
		"0D9B6C467828201280D620A8" = {
			"baseConfigurationReference" = "E8022523849191781EF07182";
			"isa" = "XCBuildConfiguration";
			"buildSettings" = {
				"GENERATE_INFOPLIST_FILE" = "NO";
				"COMBINE_HIDPI_IMAGES" = "YES";
			};
			"name" = "Debug";
		};
		"6C3B44AC68A6120B68BABB14" = {
			"isa" = "PBXBuildFile";
			"fileRef" = "768E4A216FA4747A6CAEDAFD";
		};
		"2226D8B9B6692B35087492B0" = {
			"isa" = "PBXBuildFile";
			"fileRef" = "75B023B4723AED98C0E7DDB0";
		};
		"2D78CCEA355AAA4DECA10BA5" = {
			"isa" = "XCBuildConfiguration";
			"buildSettings" = {
				"LD_RUNPATH_SEARCH_PATHS" = "$(inherited) @executable_path/../Frameworks @loader_path/../Frameworks";
				"BUNDLE_LOADER" = "$(TEST_HOST)";
				"CODE_SIGN_IDENTITY" = "-";
				"TEST_HOST" = "$(BUILT_PRODUCTS_DIR)/AIUsageBar.app/Contents/MacOS/AIUsageBar";
				"ENABLE_APP_SANDBOX" = "NO";
				"MACOSX_DEPLOYMENT_TARGET" = "14.0";
				"GENERATE_INFOPLIST_FILE" = "YES";
				"SWIFT_STRICT_CONCURRENCY" = "complete";
				"CODE_SIGN_STYLE" = "Manual";
				"PRODUCT_NAME" = "$(TARGET_NAME)";
				"SWIFT_VERSION" = "6.0";
				"PRODUCT_BUNDLE_IDENTIFIER" = "local.aiusagebar.tests";
			};
			"name" = "Debug";
		};
		"B97B155D5C69852E7F5F3043" = {
			"isa" = "PBXBuildFile";
			"fileRef" = "6BD3A3352A7E85B850BE7EC5";
		};
		"571F244A627C4C75BB62B24D" = {
			"path" = "AIUsageBarTests/UsageParserTests.swift";
			"isa" = "PBXFileReference";
			"lastKnownFileType" = "sourcecode.swift";
			"sourceTree" = "SOURCE_ROOT";
		};
		"244210E48437B6556980A702" = {
			"buildConfigurationList" = "14E586E4324BDDD5494634DC";
			"targets" = (
				"8C1A045E96B998B40533C7FF",
				"2ADDEE89B29C55E11126D89F",
			);
			"developmentRegion" = "th";
			"knownRegions" = (
				"th",
				"en",
				"Base",
			);
			"isa" = "PBXProject";
			"compatibilityVersion" = "Xcode 14.0";
			"productRefGroup" = "AE7805B56D1DCAFAA071416F";
			"projectDirPath" = "";
			"attributes" = {
				"LastSwiftUpdateCheck" = "2700";
				"BuildIndependentTargetsInParallel" = "YES";
				"LastUpgradeCheck" = "2700";
				"TargetAttributes" = {
					"2ADDEE89B29C55E11126D89F" = {
						"TestTargetID" = "8C1A045E96B998B40533C7FF";
						"CreatedOnToolsVersion" = "27.0";
					};
					"8C1A045E96B998B40533C7FF" = {
						"CreatedOnToolsVersion" = "27.0";
					};
				};
			};
			"hasScannedForEncodings" = "0";
			"projectRoot" = "";
			"mainGroup" = "60EB5AC69302A5F5CE60854D";
		};
		"F02EC4245C3A08AAE810B24B" = {
			"isa" = "PBXGroup";
			"name" = "AIUsageBar";
			"children" = (
				"6E2B53F9C54048EBE31B8030",
				"E4C420382EF8BFDA22432EEF",
				"3DB8DC91BFEBAA010976571F",
				"8CD7726E755207FC4D22F876",
				"39876315125908B7E4DB0B82",
				"F39AE481F8B2DD69B2D31DE9",
				"6AD2418205C132B20E1B1B78",
				"EB0FA14B8BC7D28E912E8A84",
				"878614ECA4728745F8845FFB",
				"41013E650E42474BAB793C6C",
				"0553E85848D07B6143FBD428",
				"AFC5ACDD64072EC5F132C109",
				"809EC3E0DAC1DCA5DF709F7C",
				"E6767CCAE3D0D37285833936",
				"9A6A96BCEE63CA932CA84EF4",
				"768E4A216FA4747A6CAEDAFD",
				"507ADA705D376FAF983B952A",
				"F2D8E56B82262D61AF1C4BC2",
				"8540909A7C2AC052ADB749A9",
				"3D1D24ADBD72C5B39B32966F",
				"7C22AFE5F87B96226060DB21",
				"75B023B4723AED98C0E7DDB0",
				"0C87AA11A2F8ABD66940146E",
				"65D2731310EC35FED815656A",
				"E8022523849191781EF07182",
				"554ACDF62B13B7C4C85A6B2C",
				"62BC190A22A31E2C97284BED",
				"D130658451F5DDBD05EEEE49",
				"684A0131F8A39CF35C40FD74",
				"BC7C5FDCC2B5DD1CB22695BF",
			);
			"sourceTree" = "<group>";
		};
		"17655138DE091C505416ABEA" = {
			"isa" = "PBXSourcesBuildPhase";
			"buildActionMask" = "2147483647";
			"files" = (
				"81FCE5B75E49F04740694376",
				"3D07A059C02C48D0FF4034D8",
				"199E94767FE404C3A92E77BC",
				"DDE27E38C1F9655235F240D5",
				"D95468F4D604457B5C296C0D",
				"59027B9D2F8740EFC99AC0E0",
				"71424B6DCD3B154E15D0A4D2",
				"8B6DB0D27782EA058405B9BF",
				"F92DE55738E433C4F69B946B",
				"226C856F76CF998F1564D2E2",
				"64E94E546DD52F518BFC2606",
				"80E61D311C2A6A7EF3D8101B",
				"3B4655B734E2305C75607B2F",
				"DD4C2BF1E00D6637DEBDD9C0",
				"710121E0700E950A49E51113",
				"6C3B44AC68A6120B68BABB14",
				"EF35D424DECCBA482292C1E9",
				"EE0A75FC62861D493E07B735",
				"C07792ED18F6067A78CBC786",
				"3DF6421EF95C13E6293A37C1",
				"D9676494E0D27855950A86BF",
				"2226D8B9B6692B35087492B0",
				"AD10FFFEFD8021E560987F02",
				"563DE261A9337B6A34FCC762",
				"8429D607FAA68E622D2A1BFD",
			);
			"runOnlyForDeploymentPostprocessing" = "0";
		};
		"F739566ED5280322FF98A798" = {
			"path" = "AIUsageBarTests.xctest";
			"isa" = "PBXFileReference";
			"includeInIndex" = "0";
			"explicitFileType" = "wrapper.cfbundle";
			"sourceTree" = "BUILT_PRODUCTS_DIR";
		};
		"507ADA705D376FAF983B952A" = {
			"path" = "AIUsageBar/UI/UsageMenuView.swift";
			"isa" = "PBXFileReference";
			"lastKnownFileType" = "sourcecode.swift";
			"sourceTree" = "SOURCE_ROOT";
		};
		"3D1D24ADBD72C5B39B32966F" = {
			"path" = "AIUsageBar/Models/UsageState.swift";
			"isa" = "PBXFileReference";
			"lastKnownFileType" = "sourcecode.swift";
			"sourceTree" = "SOURCE_ROOT";
		};
		"554ACDF62B13B7C4C85A6B2C" = {
			"path" = "AIUsageBar/Resources/AppIcon.svg";
			"isa" = "PBXFileReference";
			"lastKnownFileType" = "image.svg";
			"sourceTree" = "SOURCE_ROOT";
		};
		"C8698D1F226AF36280E350B3" = {
			"isa" = "PBXBuildFile";
			"fileRef" = "FFD5C9F269C47FE917ECE90E";
		};
		"768E4A216FA4747A6CAEDAFD" = {
			"path" = "AIUsageBar/UI/MenuBarIcon.swift";
			"isa" = "PBXFileReference";
			"lastKnownFileType" = "sourcecode.swift";
			"sourceTree" = "SOURCE_ROOT";
		};
		"F8A43EA15FC950D327FD5A33" = {
			"isa" = "XCConfigurationList";
			"defaultConfigurationIsVisible" = "0";
			"defaultConfigurationName" = "Release";
			"buildConfigurations" = (
				"0D9B6C467828201280D620A8",
				"E532E4CDC1E6865CE523475E",
			);
		};
		"BBF2DA7F949EFAA0CAA3B3A9" = {
			"isa" = "PBXGroup";
			"name" = "AIUsageBarTests";
			"children" = (
				"D11B814D1AC2186D4DC492EB",
				"4A359BE25FFD8BBBB76021E9",
				"C97CDF1422F6AF9A326868CE",
				"9A46D0B3CAD07F8F69A59310",
				"3A968430DE50B6CE58E53F8D",
				"15DCE595862557CADAF7A33F",
				"74CA00EEE8BFF977A243D639",
				"571F244A627C4C75BB62B24D",
				"FFD5C9F269C47FE917ECE90E",
				"6BD3A3352A7E85B850BE7EC5",
				"2B9613093B6D280BB72B60D6",
			);
			"sourceTree" = "<group>";
		};
		"74CA00EEE8BFF977A243D639" = {
			"path" = "AIUsageBarTests/UsageModelTests.swift";
			"isa" = "PBXFileReference";
			"lastKnownFileType" = "sourcecode.swift";
			"sourceTree" = "SOURCE_ROOT";
		};
		"A824290273A346217D9BE6F4" = {
			"isa" = "XCBuildConfiguration";
			"buildSettings" = {
				"ONLY_ACTIVE_ARCH" = "NO";
				"DEBUG_INFORMATION_FORMAT" = "dwarf-with-dsym";
				"CLANG_ENABLE_OBJC_ARC" = "YES";
				"CLANG_ENABLE_MODULES" = "YES";
				"GCC_C_LANGUAGE_STANDARD" = "gnu17";
				"GCC_WARN_UNUSED_VARIABLE" = "YES";
				"ENABLE_TESTABILITY" = "NO";
				"SWIFT_OPTIMIZATION_LEVEL" = "-O";
				"SUPPORTED_PLATFORMS" = "macosx";
				"SDKROOT" = "macosx";
				"GCC_WARN_ABOUT_RETURN_TYPE" = "YES_ERROR";
				"CLANG_WARN_UNGUARDED_AVAILABILITY" = "YES_AGGRESSIVE";
				"SWIFT_TREAT_WARNINGS_AS_ERRORS" = "YES";
			};
			"name" = "Release";
		};
		"C07792ED18F6067A78CBC786" = {
			"isa" = "PBXBuildFile";
			"fileRef" = "8540909A7C2AC052ADB749A9";
		};
		"9C54BE948B82580C303477D5" = {
			"isa" = "PBXBuildFile";
			"fileRef" = "74CA00EEE8BFF977A243D639";
		};
		"75B023B4723AED98C0E7DDB0" = {
			"path" = "AIUsageBar/Providers/UsagePayloadParser.swift";
			"isa" = "PBXFileReference";
			"lastKnownFileType" = "sourcecode.swift";
			"sourceTree" = "SOURCE_ROOT";
		};
		"2ADDEE89B29C55E11126D89F" = {
			"productType" = "com.apple.product-type.bundle.unit-test";
			"productReference" = "F739566ED5280322FF98A798";
			"buildConfigurationList" = "1B9DE29E263D949B75A80728";
			"productName" = "AIUsageBarTests";
			"isa" = "PBXNativeTarget";
			"buildPhases" = (
				"D7934D1E5431E43D00EE518B",
				"EEA7B40FF0F394BC78EAA36E",
				"9F6A4E941DE57E85FA5BABF0",
			);
			"dependencies" = (
				"F26350DAFE3F19AABFD69AC4",
			);
			"name" = "AIUsageBarTests";
			"buildRules" = (
			);
		};
		"AD10FFFEFD8021E560987F02" = {
			"isa" = "PBXBuildFile";
			"fileRef" = "D130658451F5DDBD05EEEE49";
		};
		"E532E4CDC1E6865CE523475E" = {
			"baseConfigurationReference" = "E8022523849191781EF07182";
			"isa" = "XCBuildConfiguration";
			"buildSettings" = {
				"GENERATE_INFOPLIST_FILE" = "NO";
				"COMBINE_HIDPI_IMAGES" = "YES";
				"CODE_SIGN_INJECT_BASE_ENTITLEMENTS" = "NO";
			};
			"name" = "Release";
		};
		"6BD3A3352A7E85B850BE7EC5" = {
			"path" = "AIUsageBarTests/UsagePresentationTests.swift";
			"isa" = "PBXFileReference";
			"lastKnownFileType" = "sourcecode.swift";
			"sourceTree" = "SOURCE_ROOT";
		};
		"7C22AFE5F87B96226060DB21" = {
			"path" = "AIUsageBar/Models/UsageFreshness.swift";
			"isa" = "PBXFileReference";
			"lastKnownFileType" = "sourcecode.swift";
			"sourceTree" = "SOURCE_ROOT";
		};
		"8540909A7C2AC052ADB749A9" = {
			"path" = "AIUsageBar/Models/UsageModels.swift";
			"isa" = "PBXFileReference";
			"lastKnownFileType" = "sourcecode.swift";
			"sourceTree" = "SOURCE_ROOT";
		};
		"EF35D424DECCBA482292C1E9" = {
			"isa" = "PBXBuildFile";
			"fileRef" = "507ADA705D376FAF983B952A";
		};
		"6AB488356D3831E34CDCF09A" = {
			"isa" = "PBXBuildFile";
			"fileRef" = "571F244A627C4C75BB62B24D";
		};
		"65D2731310EC35FED815656A" = {
			"path" = "AIUsageBar/App/AIUsageBar.entitlements";
			"isa" = "PBXFileReference";
			"lastKnownFileType" = "text.plist.entitlements";
			"sourceTree" = "SOURCE_ROOT";
		};
		"0C87AA11A2F8ABD66940146E" = {
			"path" = "AIUsageBar/App/Info.plist";
			"isa" = "PBXFileReference";
			"lastKnownFileType" = "text.plist.xml";
			"sourceTree" = "SOURCE_ROOT";
		};
		"EE0A75FC62861D493E07B735" = {
			"isa" = "PBXBuildFile";
			"fileRef" = "F2D8E56B82262D61AF1C4BC2";
		};
		"D18FD5E61A9286359343951E" = {
			"isa" = "PBXResourcesBuildPhase";
			"buildActionMask" = "2147483647";
			"files" = (
				"999FF37E9C5A0FFB78E1CDE2",
			);
			"runOnlyForDeploymentPostprocessing" = "0";
		};
		"184B519F8E1416CCE38CFFD7" = {
			"isa" = "XCBuildConfiguration";
			"buildSettings" = {
				"ONLY_ACTIVE_ARCH" = "YES";
				"SWIFT_ACTIVE_COMPILATION_CONDITIONS" = "DEBUG $(inherited)";
				"DEBUG_INFORMATION_FORMAT" = "dwarf";
				"CLANG_WARN_UNGUARDED_AVAILABILITY" = "YES_AGGRESSIVE";
				"CLANG_ENABLE_MODULES" = "YES";
				"GCC_C_LANGUAGE_STANDARD" = "gnu17";
				"GCC_WARN_UNUSED_VARIABLE" = "YES";
				"ENABLE_TESTABILITY" = "YES";
				"SWIFT_OPTIMIZATION_LEVEL" = "-Onone";
				"SUPPORTED_PLATFORMS" = "macosx";
				"SDKROOT" = "macosx";
				"GCC_WARN_ABOUT_RETURN_TYPE" = "YES_ERROR";
				"SWIFT_TREAT_WARNINGS_AS_ERRORS" = "YES";
				"CLANG_ENABLE_OBJC_ARC" = "YES";
			};
			"name" = "Debug";
		};
		"F1D4FEDE61515AFDB9B202CA" = {
			"isa" = "XCBuildConfiguration";
			"buildSettings" = {
				"LD_RUNPATH_SEARCH_PATHS" = "$(inherited) @executable_path/../Frameworks @loader_path/../Frameworks";
				"BUNDLE_LOADER" = "$(TEST_HOST)";
				"CODE_SIGN_IDENTITY" = "-";
				"TEST_HOST" = "$(BUILT_PRODUCTS_DIR)/AIUsageBar.app/Contents/MacOS/AIUsageBar";
				"ENABLE_APP_SANDBOX" = "NO";
				"MACOSX_DEPLOYMENT_TARGET" = "14.0";
				"GENERATE_INFOPLIST_FILE" = "YES";
				"SWIFT_STRICT_CONCURRENCY" = "complete";
				"CODE_SIGN_STYLE" = "Manual";
				"PRODUCT_NAME" = "$(TARGET_NAME)";
				"SWIFT_VERSION" = "6.0";
				"PRODUCT_BUNDLE_IDENTIFIER" = "local.aiusagebar.tests";
			};
			"name" = "Release";
		};
		"60EB5AC69302A5F5CE60854D" = {
			"isa" = "PBXGroup";
			"name" = "Root";
			"children" = (
				"F02EC4245C3A08AAE810B24B",
				"BBF2DA7F949EFAA0CAA3B3A9",
				"AE7805B56D1DCAFAA071416F",
			);
			"sourceTree" = "<group>";
		};
		"8C1A045E96B998B40533C7FF" = {
			"productType" = "com.apple.product-type.application";
			"productReference" = "681C948D238C526E9E3424E0";
			"buildConfigurationList" = "F8A43EA15FC950D327FD5A33";
			"productName" = "AIUsageBar";
			"isa" = "PBXNativeTarget";
			"buildPhases" = (
				"17655138DE091C505416ABEA",
				"1B85B821D2F93F337F70D49F",
				"D18FD5E61A9286359343951E",
			);
			"dependencies" = (
			);
			"name" = "AIUsageBar";
			"buildRules" = (
			);
		};
		"51C33826B61720FD18A0E625" = {
			"isa" = "PBXContainerItemProxy";
			"containerPortal" = "244210E48437B6556980A702";
			"remoteGlobalIDString" = "8C1A045E96B998B40533C7FF";
			"remoteInfo" = "AIUsageBar";
			"proxyType" = "1";
		};
		"710121E0700E950A49E51113" = {
			"isa" = "PBXBuildFile";
			"fileRef" = "9A6A96BCEE63CA932CA84EF4";
		};
		"62BC190A22A31E2C97284BED" = {
			"path" = "AIUsageBar/Resources/Assets.xcassets";
			"isa" = "PBXFileReference";
			"lastKnownFileType" = "folder.assetcatalog";
			"sourceTree" = "SOURCE_ROOT";
		};
		"BC7C5FDCC2B5DD1CB22695BF" = {
			"isa" = "PBXFileReference";
			"lastKnownFileType" = "sourcecode.swift";
			"path" = "AIUsageBar/UI/MenuBarText.swift";
			"sourceTree" = "SOURCE_ROOT";
		};
		"8429D607FAA68E622D2A1BFD" = {
			"isa" = "PBXBuildFile";
			"fileRef" = "BC7C5FDCC2B5DD1CB22695BF";
		};
		"2B9613093B6D280BB72B60D6" = {
			"isa" = "PBXFileReference";
			"lastKnownFileType" = "sourcecode.swift";
			"path" = "AIUsageBarTests/MenuBarTextTests.swift";
			"sourceTree" = "SOURCE_ROOT";
		};
		"D16951F94FDB0ADC0F0F2771" = {
			"isa" = "PBXBuildFile";
			"fileRef" = "2B9613093B6D280BB72B60D6";
		};
	};
	"rootObject" = "244210E48437B6556980A702";
}
